
Microsoft Visual Studio Solution File, Format Version 12.00
# Visual Studio Version 17
VisualStudioVersion = 17.14.36301.6 d17.14
MinimumVisualStudioVersion = 10.0.40219.1
Project("{FAE04EC0-301F-11D3-BF4B-00C04F79EFBC}") = "Project", "Project\Project.csproj", "{AE670052-A047-43E9-B136-447479C1792D}"
EndProject
Global
	GlobalSection(SolutionConfigurationPlatforms) = preSolution
		Debug|Any CPU = Debug|Any CPU
		Release|Any CPU = Release|Any CPU
	EndGlobalSection
	GlobalSection(ProjectConfigurationPlatforms) = postSolution
		{AE670052-A047-43E9-B136-447479C1792D}.Debug|Any CPU.ActiveCfg = Debug|Any CPU
		{AE670052-A047-43E9-B136-447479C1792D}.Debug|Any CPU.Build.0 = Debug|Any CPU
		{AE670052-A047-43E9-B136-447479C1792D}.Release|Any CPU.ActiveCfg = Release|Any CPU
		{AE670052-A047-43E9-B136-447479C1792D}.Release|Any CPU.Build.0 = Release|Any CPU
	EndGlobalSection
	GlobalSection(SolutionProperties) = preSolution
		HideSolutionNode = FALSE
	EndGlobalSection
	GlobalSection(ExtensibilityGlobals) = postSolution
		SolutionGuid = {D7654349-D30A-445B-B2D6-6B796108DEDB}
	EndGlobalSection
EndGlobal
